
Microsoft Visual Studio Solution File, Format Version 12.00
# Visual Studio Version 17
VisualStudioVersion = 17.2.32616.157
MinimumVisualStudioVersion = 10.0.40219.1
Project("{FAE04EC0-301F-11D3-BF4B-00C04F79EFBC}") = "HeroAPI", "HeroAPI\HeroAPI.csproj", "{91EDAD31-0755-4F4D-92C3-94E9E3F5D7C2}"
EndProject
Global
	GlobalSection(SolutionConfigurationPlatforms) = preSolution
		Debug|Any CPU = Debug|Any CPU
		Release|Any CPU = Release|Any CPU
	EndGlobalSection
	GlobalSection(ProjectConfigurationPlatforms) = postSolution
		{91EDAD31-0755-4F4D-92C3-94E9E3F5D7C2}.Debug|Any CPU.ActiveCfg = Debug|Any CPU
		{91EDAD31-0755-4F4D-92C3-94E9E3F5D7C2}.Debug|Any CPU.Build.0 = Debug|Any CPU
		{91EDAD31-0755-4F4D-92C3-94E9E3F5D7C2}.Release|Any CPU.ActiveCfg = Release|Any CPU
		{91EDAD31-0755-4F4D-92C3-94E9E3F5D7C2}.Release|Any CPU.Build.0 = Release|Any CPU
	EndGlobalSection
	GlobalSection(SolutionProperties) = preSolution
		HideSolutionNode = FALSE
	EndGlobalSection
	GlobalSection(ExtensibilityGlobals) = postSolution
		SolutionGuid = {1B3EB5FA-9523-4FA3-B3F0-FFC5BF9504D8}
	EndGlobalSection
EndGlobal
